# This file is automatically @generated by Cargo.
# It is not intended for manual editing.
version = 3

[[package]]
name = "aead"
version = "0.6.0-pre.0"
source = "registry+https://github.com/rust-lang/crates.io-index"
checksum = "3de53f67567d2692f69357ee20fef7ddf7969d1dff34acefc05db91873aee0ce"
dependencies = [
 "crypto-common 0.2.0-pre.5",
]

[[package]]
name = "aes"
version = "0.9.0-pre"
source = "registry+https://github.com/rust-lang/crates.io-index"
checksum = "25512cae539ab9089dcbd69c4f704e787fdc8c1cea8d9daa68a9d89b02b0501f"
dependencies = [
 "cfg-if",
 "cipher 0.5.0-pre.4",
 "cpufeatures",
 "zeroize",
]

[[package]]
name = "ascii"
version = "1.1.0"
source = "registry+https://github.com/rust-lang/crates.io-index"
checksum = "d92bec98840b8f03a5ff5413de5293bfcd8bf96467cf5452609f939ec6f5de16"

[[package]]
name = "async-signature"
version = "0.6.0-pre.1"
source = "registry+https://github.com/rust-lang/crates.io-index"
checksum = "c897aed69d0c15f782c3ae93cfc51c97cac8a45c28585f26a31255b1f03312ed"
dependencies = [
 "signature",
]

[[package]]
name = "autocfg"
version = "1.3.0"
source = "registry+https://github.com/rust-lang/crates.io-index"
checksum = "0c4b4d0bd25bd0b74681c0ad21497610ce1b7c91b1022cd21c80c6fbdd9476b0"

[[package]]
name = "base16ct"
version = "0.2.0"
source = "registry+https://github.com/rust-lang/crates.io-index"
checksum = "4c7f02d4ea65f2c1853089ffd8d2787bdbc63de2f0d29dedbcf8ccdfa0ccd4cf"

[[package]]
name = "base64ct"
version = "1.6.0"
source = "registry+https://github.com/rust-lang/crates.io-index"
checksum = "8c3c1a368f70d6cf7302d78f8f7093da241fb8e8807c05cc9e51a125895a6d5b"

[[package]]
name = "bitflags"
version = "1.3.2"
source = "registry+https://github.com/rust-lang/crates.io-index"
checksum = "bef38d45163c2f1dde094a7dfd33ccf595c92905c8f8f4fdc18d06fb1037718a"

[[package]]
name = "bitflags"
version = "2.6.0"
source = "registry+https://github.com/rust-lang/crates.io-index"
checksum = "b048fb63fd8b5923fc5aa7b340d8e156aec7ec02f0c78fa8a6ddc2613f6f71de"

[[package]]
name = "block-buffer"
version = "0.10.4"
source = "registry+https://github.com/rust-lang/crates.io-index"
checksum = "3078c7629b62d3f0439517fa394996acacc5cbc91c5a20d8c658e77abd503a71"
dependencies = [
 "generic-array",
]

[[package]]
name = "block-buffer"
version = "0.11.0-pre.5"
source = "registry+https://github.com/rust-lang/crates.io-index"
checksum = "3ded684142010808eb980d9974ef794da2bcf97d13396143b1515e9f0fb4a10e"
dependencies = [
 "crypto-common 0.2.0-pre.5",
]

[[package]]
name = "block-padding"
version = "0.4.0-pre.4"
source = "registry+https://github.com/rust-lang/crates.io-index"
checksum = "e8ab21a8964437caf2e83a92a1221ce65e356a2a9b8b52d58bece04005fe114e"
dependencies = [
 "hybrid-array",
]

[[package]]
name = "byteorder"
version = "1.5.0"
source = "registry+https://github.com/rust-lang/crates.io-index"
checksum = "1fd0f2584146f6f2ef48085050886acf353beff7305ebd1ae69500e27c67f64b"

[[package]]
name = "cbc"
version = "0.2.0-pre"
source = "git+https://github.com/RustCrypto/block-modes.git#a0051b2892626f4bd4f96c8ec7ca942a1047bb3c"
dependencies = [
 "cipher 0.5.0-pre.4",
]

[[package]]
name = "cc"
version = "1.0.101"
source = "registry+https://github.com/rust-lang/crates.io-index"
checksum = "ac367972e516d45567c7eafc73d24e1c193dcf200a8d94e9db7b3d38b349572d"

[[package]]
name = "ccm"
version = "0.5.0"
source = "git+https://github.com/RustCrypto/AEADs.git#ad109f38b03124e7498bfe5e9830d1328f811d27"
dependencies = [
 "aead",
 "cipher 0.5.0-pre.4",
 "ctr",
 "subtle",
]

[[package]]
name = "cfg-if"
version = "1.0.0"
source = "registry+https://github.com/rust-lang/crates.io-index"
checksum = "baf1de4339761588bc0619e3cbc0120ee582ebb74b53b4efbf79117bd2da40fd"

[[package]]
name = "chunked_transfer"
version = "1.5.0"
source = "registry+https://github.com/rust-lang/crates.io-index"
checksum = "6e4de3bc4ea267985becf712dc6d9eed8b04c953b3fcfb339ebc87acd9804901"

[[package]]
name = "cipher"
version = "0.4.4"
source = "registry+https://github.com/rust-lang/crates.io-index"
checksum = "773f3b9af64447d2ce9850330c473515014aa235e6a783b02db81ff39e4a3dad"
dependencies = [
 "crypto-common 0.1.6",
 "inout 0.1.3",
]

[[package]]
name = "cipher"
version = "0.5.0-pre.4"
source = "registry+https://github.com/rust-lang/crates.io-index"
checksum = "84fba98785cecd0e308818a87c817576a40f99d8bab6405bf422bacd3efb6c1f"
dependencies = [
 "crypto-common 0.2.0-pre.5",
 "inout 0.2.0-pre.4",
]

[[package]]
name = "cmac"
version = "0.8.0-pre"
source = "git+https://github.com/RustCrypto/MACs.git#acad3c0e8db0cabd9de9d60b21170f03b3c21998"
dependencies = [
 "cipher 0.5.0-pre.4",
 "dbl",
 "digest 0.11.0-pre.8",
]

[[package]]
name = "const-oid"
version = "0.10.0-pre.2"
source = "git+https://github.com/RustCrypto/formats.git#2c16861f96b3af5710e7f73d6908d0b35a1b13ec"

[[package]]
name = "cpufeatures"
version = "0.2.12"
source = "registry+https://github.com/rust-lang/crates.io-index"
checksum = "53fe5e26ff1b7aef8bca9c6080520cfb8d9333c7568e1829cef191a9723e5504"
dependencies = [
 "libc",
]

[[package]]
name = "crypto-bigint"
version = "0.6.0-pre.12"
source = "registry+https://github.com/rust-lang/crates.io-index"
checksum = "1943d7beadd9ce2b25f3bae73b9e9336fccc1edf38bdec1ed58d3aa183989e11"
dependencies = [
 "hybrid-array",
 "num-traits",
 "rand_core",
 "subtle",
 "zeroize",
]

[[package]]
name = "crypto-common"
version = "0.1.6"
source = "registry+https://github.com/rust-lang/crates.io-index"
checksum = "1bfb12502f3fc46cca1bb51ac28df9d618d813cdc3d2f25b9fe775a34af26bb3"
dependencies = [
 "generic-array",
 "typenum",
]

[[package]]
name = "crypto-common"
version = "0.2.0-pre.5"
source = "registry+https://github.com/rust-lang/crates.io-index"
checksum = "b7aa2ec04f5120b830272a481e8d9d8ba4dda140d2cda59b0f1110d5eb93c38e"
dependencies = [
 "getrandom",
 "hybrid-array",
 "rand_core",
]

[[package]]
name = "ctr"
version = "0.10.0-pre"
source = "git+https://github.com/RustCrypto/block-modes.git#a0051b2892626f4bd4f96c8ec7ca942a1047bb3c"
dependencies = [
 "cipher 0.5.0-pre.4",
]

[[package]]
name = "curve25519-dalek"
version = "4.2.0-pre"
source = "git+https://github.com/baloo/curve25519-dalek.git?branch=baloo/rust-crypto/digest-sha2-bumps#9ccf063be1882425c0a03cf61f5233778b5e655d"
dependencies = [
 "cfg-if",
 "cpufeatures",
 "curve25519-dalek-derive",
 "digest 0.11.0-pre.8",
 "fiat-crypto",
 "rustc_version",
 "subtle",
 "zeroize",
]

[[package]]
name = "curve25519-dalek-derive"
version = "0.1.1"
source = "git+https://github.com/baloo/curve25519-dalek.git?branch=baloo/rust-crypto/digest-sha2-bumps#9ccf063be1882425c0a03cf61f5233778b5e655d"
dependencies = [
 "proc-macro2",
 "quote",
 "syn",
]

[[package]]
name = "dbl"
version = "0.4.0-pre.4"
source = "registry+https://github.com/rust-lang/crates.io-index"
checksum = "977125a36bcb9fcf23cec295ffd25a7499046d5ae95603cd536d4ec1e39bd673"
dependencies = [
 "hybrid-array",
]

[[package]]
name = "der"
version = "0.8.0-pre.0"
source = "git+https://github.com/RustCrypto/formats.git#2c16861f96b3af5710e7f73d6908d0b35a1b13ec"
dependencies = [
 "const-oid",
 "der_derive",
 "flagset",
 "pem-rfc7468",
 "zeroize",
]

[[package]]
name = "der_derive"
version = "0.8.0-pre.0"
source = "git+https://github.com/RustCrypto/formats.git#2c16861f96b3af5710e7f73d6908d0b35a1b13ec"
dependencies = [
 "proc-macro2",
 "quote",
 "syn",
]

[[package]]
name = "deranged"
version = "0.3.11"
source = "registry+https://github.com/rust-lang/crates.io-index"
checksum = "b42b6fa04a440b495c8b04d0e71b707c585f83cb9cb28cf8cd0d976c315e31b4"
dependencies = [
 "powerfmt",
 "serde",
]

[[package]]
name = "des"
version = "0.8.1"
source = "registry+https://github.com/rust-lang/crates.io-index"
checksum = "ffdd80ce8ce993de27e9f063a444a4d53ce8e8db4c1f00cc03af5ad5a9867a1e"
dependencies = [
 "cipher 0.4.4",
]

[[package]]
name = "digest"
version = "0.10.7"
source = "registry+https://github.com/rust-lang/crates.io-index"
checksum = "9ed9a281f7bc9b7576e61468ba615a66a5c8cfdff42420a70aa82701a3b1e292"
dependencies = [
 "block-buffer 0.10.4",
 "crypto-common 0.1.6",
 "subtle",
]

[[package]]
name = "digest"
version = "0.11.0-pre.8"
source = "registry+https://github.com/rust-lang/crates.io-index"
checksum = "065d93ead7c220b85d5b4be4795d8398eac4ff68b5ee63895de0a3c1fb6edf25"
dependencies = [
 "block-buffer 0.11.0-pre.5",
 "const-oid",
 "crypto-common 0.2.0-pre.5",
 "subtle",
]

[[package]]
name = "ecdsa"
version = "0.17.0-pre.5"
source = "git+https://github.com/RustCrypto/signatures.git#9f337917a806359b6ae96629534b7d9f9c1311ef"
dependencies = [
 "der",
 "digest 0.11.0-pre.8",
 "elliptic-curve",
 "rfc6979",
 "signature",
 "spki",
]

[[package]]
name = "ed25519"
version = "2.3.0-pre"
source = "git+https://github.com/RustCrypto/signatures.git#9f337917a806359b6ae96629534b7d9f9c1311ef"
dependencies = [
 "pkcs8",
 "signature",
]

[[package]]
name = "ed25519-dalek"
version = "2.2.0-pre"
source = "git+https://github.com/baloo/curve25519-dalek.git?branch=baloo/rust-crypto/digest-sha2-bumps#9ccf063be1882425c0a03cf61f5233778b5e655d"
dependencies = [
 "curve25519-dalek",
 "ed25519",
 "rand_core",
 "serde",
 "sha2",
 "subtle",
 "zeroize",
]

[[package]]
name = "elliptic-curve"
version = "0.14.0-pre.5"
source = "registry+https://github.com/rust-lang/crates.io-index"
checksum = "4a1775af172997a40c14854c3a9fde9e03e5772084b334b6a0bb18bf7f93ac16"
dependencies = [
 "base16ct",
 "crypto-bigint",
 "digest 0.11.0-pre.8",
 "ff",
 "group",
 "hkdf",
 "hybrid-array",
 "pem-rfc7468",
 "pkcs8",
 "rand_core",
 "sec1",
 "subtle",
 "zeroize",
]

[[package]]
name = "ff"
version = "0.13.0"
source = "registry+https://github.com/rust-lang/crates.io-index"
checksum = "ded41244b729663b1e574f1b4fb731469f69f79c17667b5d776b16cda0479449"
dependencies = [
 "rand_core",
 "subtle",
]

[[package]]
name = "fiat-crypto"
version = "0.2.9"
source = "registry+https://github.com/rust-lang/crates.io-index"
checksum = "28dea519a9695b9977216879a3ebfddf92f1c08c05d984f8996aecd6ecdc811d"

[[package]]
name = "flagset"
version = "0.4.5"
source = "registry+https://github.com/rust-lang/crates.io-index"
checksum = "cdeb3aa5e95cf9aabc17f060cfa0ced7b83f042390760ca53bf09df9968acaa1"

[[package]]
name = "generic-array"
version = "0.14.7"
source = "registry+https://github.com/rust-lang/crates.io-index"
checksum = "85649ca51fd72272d7821adaf274ad91c288277713d9c18820d8499a7ff69e9a"
dependencies = [
 "typenum",
 "version_check",
]

[[package]]
name = "getrandom"
version = "0.2.15"
source = "registry+https://github.com/rust-lang/crates.io-index"
checksum = "c4567c8db10ae91089c99af84c68c38da3ec2f087c3f82960bcdbf3656b6f4d7"
dependencies = [
 "cfg-if",
 "libc",
 "wasi",
]

[[package]]
name = "group"
version = "0.13.0"
source = "registry+https://github.com/rust-lang/crates.io-index"
checksum = "f0f9ef7462f7c099f518d754361858f86d8a07af53ba9af0fe635bbccb151a63"
dependencies = [
 "ff",
 "rand_core",
 "subtle",
]

[[package]]
name = "hkdf"
version = "0.13.0-pre.3"
source = "registry+https://github.com/rust-lang/crates.io-index"
checksum = "fd5d615ab5c462f96c309b3a00b19f373025a4981312f717f9df5bbd0201530c"
dependencies = [
 "hmac 0.13.0-pre.3",
]

[[package]]
name = "hmac"
version = "0.12.1"
source = "registry+https://github.com/rust-lang/crates.io-index"
checksum = "6c49c37c09c17a53d937dfbb742eb3a961d65a994e6bcdcf37e7399d0cc8ab5e"
dependencies = [
 "digest 0.10.7",
]

[[package]]
name = "hmac"
version = "0.13.0-pre.3"
source = "registry+https://github.com/rust-lang/crates.io-index"
checksum = "ffd790a0795ee332ed3e8959e5b177beb70d7112eb7d345428ec17427897d5ce"
dependencies = [
 "digest 0.11.0-pre.8",
]

[[package]]
name = "httpdate"
version = "1.0.3"
source = "registry+https://github.com/rust-lang/crates.io-index"
checksum = "df3b46402a9d5adb4c86a0cf463f42e19994e3ee891101b1841f30a545cb49a9"

[[package]]
name = "hybrid-array"
version = "0.2.0-rc.9"
source = "registry+https://github.com/rust-lang/crates.io-index"
checksum = "4d306b679262030ad8813a82d4915fc04efff97776e4db7f8eb5137039d56400"
dependencies = [
 "typenum",
 "zeroize",
]

[[package]]
name = "inout"
version = "0.1.3"
source = "registry+https://github.com/rust-lang/crates.io-index"
checksum = "a0c10553d664a4d0bcff9f4215d0aac67a639cc68ef660840afe309b807bc9f5"
dependencies = [
 "generic-array",
]

[[package]]
name = "inout"
version = "0.2.0-pre.4"
source = "registry+https://github.com/rust-lang/crates.io-index"
checksum = "0a2cc35b920cc3b344af824e64e508ffc2c819fc2368ed4d253244446194d2fe"
dependencies = [
 "block-padding",
 "hybrid-array",
]

[[package]]
name = "itoa"
version = "1.0.11"
source = "registry+https://github.com/rust-lang/crates.io-index"
checksum = "49f1f14873335454500d59611f1cf4a4b0f786f9ac11f4312a78e4cf2566695b"

[[package]]
name = "k256"
version = "0.14.0-pre.0"
source = "registry+https://github.com/rust-lang/crates.io-index"
checksum = "ed8dcc6920abd558494589ce39c8c69c728f8eb03b99fd418fb08062743b0e55"
dependencies = [
 "cfg-if",
 "ecdsa",
 "elliptic-curve",
 "once_cell",
 "sha2",
 "signature",
]

[[package]]
name = "lazy_static"
version = "1.5.0"
source = "registry+https://github.com/rust-lang/crates.io-index"
checksum = "bbd2bcb4c963f2ddae06a2efc7e9f3591312473c50c6685e1f298068316e66fe"
dependencies = [
 "spin",
]

[[package]]
name = "libc"
version = "0.2.155"
source = "registry+https://github.com/rust-lang/crates.io-index"
checksum = "97b3888a4aecf77e811145cadf6eef5901f4782c53886191b2f693f24761847c"

[[package]]
name = "libm"
version = "0.2.8"
source = "registry+https://github.com/rust-lang/crates.io-index"
checksum = "4ec2a862134d2a7d32d7983ddcdd1c4923530833c9f2ea1a44fc5fa473989058"

[[package]]
name = "libusb1-sys"
version = "0.7.0"
source = "registry+https://github.com/rust-lang/crates.io-index"
checksum = "da050ade7ac4ff1ba5379af847a10a10a8e284181e060105bf8d86960ce9ce0f"
dependencies = [
 "cc",
 "libc",
 "pkg-config",
 "vcpkg",
]

[[package]]
name = "log"
version = "0.4.21"
source = "registry+https://github.com/rust-lang/crates.io-index"
checksum = "90ed8c1e510134f979dbc4f070f87d4313098b704861a105fe34231c70a3901c"

[[package]]
name = "memchr"
version = "2.7.4"
source = "registry+https://github.com/rust-lang/crates.io-index"
checksum = "78ca9ab1a0babb1e7d5695e3530886289c18cf2f87ec19a575a0abdce112e3a3"

[[package]]
name = "minimal-lexical"
version = "0.2.1"
source = "registry+https://github.com/rust-lang/crates.io-index"
checksum = "68354c5c6bd36d73ff3feceb05efa59b6acb7626617f4962be322a825e61f79a"

[[package]]
name = "nom"
version = "7.1.3"
source = "registry+https://github.com/rust-lang/crates.io-index"
checksum = "d273983c5a657a70a3e8f2a01329822f3b8c8172b73826411a55751e404a0a4a"
dependencies = [
 "memchr",
 "minimal-lexical",
]

[[package]]
name = "num-bigint-dig"
version = "0.8.4"
source = "registry+https://github.com/rust-lang/crates.io-index"
checksum = "dc84195820f291c7697304f3cbdadd1cb7199c0efc917ff5eafd71225c136151"
dependencies = [
 "byteorder",
 "lazy_static",
 "libm",
 "num-integer",
 "num-iter",
 "num-traits",
 "rand",
 "serde",
 "smallvec",
 "zeroize",
]

[[package]]
name = "num-conv"
version = "0.1.0"
source = "registry+https://github.com/rust-lang/crates.io-index"
checksum = "51d515d32fb182ee37cda2ccdcb92950d6a3c2893aa280e540671c2cd0f3b1d9"

[[package]]
name = "num-integer"
version = "0.1.46"
source = "registry+https://github.com/rust-lang/crates.io-index"
checksum = "7969661fd2958a5cb096e56c8e1ad0444ac2bbcd0061bd28660485a44879858f"
dependencies = [
 "num-traits",
]

[[package]]
name = "num-iter"
version = "0.1.45"
source = "registry+https://github.com/rust-lang/crates.io-index"
checksum = "1429034a0490724d0075ebb2bc9e875d6503c3cf69e235a8941aa757d83ef5bf"
dependencies = [
 "autocfg",
 "num-integer",
 "num-traits",
]

[[package]]
name = "num-traits"
version = "0.2.19"
source = "registry+https://github.com/rust-lang/crates.io-index"
checksum = "071dfc062690e90b734c0b2273ce72ad0ffa95f0c74596bc250dcfd960262841"
dependencies = [
 "autocfg",
 "libm",
]

[[package]]
name = "once_cell"
version = "1.19.0"
source = "registry+https://github.com/rust-lang/crates.io-index"
checksum = "3fdb12b2476b595f9358c5161aa467c2438859caa136dec86c26fdd2efe17b92"

[[package]]
name = "p256"
version = "0.14.0-pre.0"
source = "git+https://github.com/RustCrypto/elliptic-curves.git#cb0d6bac1bd8f22cc946afb262729cb7b6f9633a"
dependencies = [
 "ecdsa",
 "elliptic-curve",
 "primeorder",
 "sha2",
]

[[package]]
name = "p384"
version = "0.14.0-pre"
source = "git+https://github.com/RustCrypto/elliptic-curves.git#cb0d6bac1bd8f22cc946afb262729cb7b6f9633a"
dependencies = [
 "ecdsa",
 "elliptic-curve",
 "primeorder",
 "sha2",
]

[[package]]
name = "pbkdf2"
version = "0.13.0-pre.0"
source = "git+https://github.com/RustCrypto/password-hashes.git?branch=master#e54197e777543acd8565b820d544ae6ddc2344e8"
dependencies = [
 "digest 0.11.0-pre.8",
 "hmac 0.13.0-pre.3",
]

[[package]]
name = "pcsc"
version = "2.8.2"
source = "registry+https://github.com/rust-lang/crates.io-index"
checksum = "45ed9d7f816b7d9ce9ddb0062dd2f393b3af31411a95a35411809b4b9116ea08"
dependencies = [
 "bitflags 1.3.2",
 "pcsc-sys",
]

[[package]]
name = "pcsc-sys"
version = "1.2.1"
source = "registry+https://github.com/rust-lang/crates.io-index"
checksum = "b09e9ba80f2c4d167f936d27594f7248bca3295921ffbfa44a24b339b6cb7403"
dependencies = [
 "pkg-config",
]

[[package]]
name = "pem-rfc7468"
version = "1.0.0-pre.0"
source = "registry+https://github.com/rust-lang/crates.io-index"
checksum = "76a65e1c27d1680f8805b3f8c9949f08d6aa5d6cbd088c9896e64a53821dc27d"
dependencies = [
 "base64ct",
]

[[package]]
name = "pkcs1"
version = "0.8.0-pre.0"
source = "git+https://github.com/RustCrypto/formats.git#2c16861f96b3af5710e7f73d6908d0b35a1b13ec"
dependencies = [
 "der",
 "pkcs8",
 "spki",
]

[[package]]
name = "pkcs8"
version = "0.11.0-pre.0"
source = "git+https://github.com/RustCrypto/formats.git#2c16861f96b3af5710e7f73d6908d0b35a1b13ec"
dependencies = [
 "der",
 "spki",
]

[[package]]
name = "pkg-config"
version = "0.3.30"
source = "registry+https://github.com/rust-lang/crates.io-index"
checksum = "d231b230927b5e4ad203db57bbcbee2802f6bce620b1e4a9024a07d94e2907ec"

[[package]]
name = "powerfmt"
version = "0.2.0"
source = "registry+https://github.com/rust-lang/crates.io-index"
checksum = "439ee305def115ba05938db6eb1644ff94165c5ab5e9420d1c1bcedbba909391"

[[package]]
name = "ppv-lite86"
version = "0.2.17"
source = "registry+https://github.com/rust-lang/crates.io-index"
checksum = "5b40af805b3121feab8a3c29f04d8ad262fa8e0561883e7653e024ae4479e6de"

[[package]]
name = "primeorder"
version = "0.14.0-pre.0"
source = "git+https://github.com/RustCrypto/elliptic-curves.git#cb0d6bac1bd8f22cc946afb262729cb7b6f9633a"
dependencies = [
 "elliptic-curve",
]

[[package]]
name = "proc-macro2"
version = "1.0.86"
source = "registry+https://github.com/rust-lang/crates.io-index"
checksum = "5e719e8df665df0d1c8fbfd238015744736151d4445ec0836b8e628aae103b77"
dependencies = [
 "unicode-ident",
]

[[package]]
name = "quote"
version = "1.0.36"
source = "registry+https://github.com/rust-lang/crates.io-index"
checksum = "0fa76aaf39101c457836aec0ce2316dbdc3ab723cdda1c6bd4e6ad4208acaca7"
dependencies = [
 "proc-macro2",
]

[[package]]
name = "rand"
version = "0.8.5"
source = "registry+https://github.com/rust-lang/crates.io-index"
checksum = "34af8d1a0e25924bc5b7c43c079c942339d8f0a8b57c39049bef581b46327404"
dependencies = [
 "libc",
 "rand_chacha",
 "rand_core",
]

[[package]]
name = "rand_chacha"
version = "0.3.1"
source = "registry+https://github.com/rust-lang/crates.io-index"
checksum = "e6c10a63a0fa32252be49d21e7709d4d4baf8d231c2dbce1eaa8141b9b127d88"
dependencies = [
 "ppv-lite86",
 "rand_core",
]

[[package]]
name = "rand_core"
version = "0.6.4"
source = "registry+https://github.com/rust-lang/crates.io-index"
checksum = "ec0be4795e2f6a28069bec0b5ff3e2ac9bafc99e6a9a7dc3547996c5c816922c"
dependencies = [
 "getrandom",
]

[[package]]
name = "rfc6979"
version = "0.5.0-pre.3"
source = "git+https://github.com/RustCrypto/signatures.git#9f337917a806359b6ae96629534b7d9f9c1311ef"
dependencies = [
 "hmac 0.13.0-pre.3",
 "subtle",
]

[[package]]
name = "rsa"
version = "0.10.0-pre.1"
source = "registry+https://github.com/rust-lang/crates.io-index"
checksum = "43e0089f12e510517c97e1adc17d0f8374efbabdd021dfb7645d6619f85633e9"
dependencies = [
 "const-oid",
 "digest 0.11.0-pre.8",
 "num-bigint-dig",
 "num-integer",
 "num-traits",
 "pkcs1",
 "pkcs8",
 "rand_core",
 "sha1",
 "sha2",
 "signature",
 "spki",
 "subtle",
 "zeroize",
]

[[package]]
name = "rusb"
version = "0.9.4"
source = "registry+https://github.com/rust-lang/crates.io-index"
checksum = "ab9f9ff05b63a786553a4c02943b74b34a988448671001e9a27e2f0565cc05a4"
dependencies = [
 "libc",
 "libusb1-sys",
]

[[package]]
name = "rustc_version"
version = "0.4.0"
source = "registry+https://github.com/rust-lang/crates.io-index"
checksum = "bfa0f585226d2e68097d4f95d113b15b83a82e819ab25717ec0590d9584ef366"
dependencies = [
 "semver",
]

[[package]]
name = "ryu"
version = "1.0.18"
source = "registry+https://github.com/rust-lang/crates.io-index"
checksum = "f3cb5ba0dc43242ce17de99c180e96db90b235b8a9fdc9543c96d2209116bd9f"

[[package]]
name = "sec1"
version = "0.8.0-pre.1"
source = "git+https://github.com/RustCrypto/formats.git#2c16861f96b3af5710e7f73d6908d0b35a1b13ec"
dependencies = [
 "base16ct",
 "der",
 "hybrid-array",
 "pkcs8",
 "subtle",
 "zeroize",
]

[[package]]
name = "secrecy"
version = "0.8.0"
source = "registry+https://github.com/rust-lang/crates.io-index"
checksum = "9bd1c54ea06cfd2f6b63219704de0b9b4f72dcc2b8fdef820be6cd799780e91e"
dependencies = [
 "zeroize",
]

[[package]]
name = "semver"
version = "1.0.23"
source = "registry+https://github.com/rust-lang/crates.io-index"
checksum = "61697e0a1c7e512e84a621326239844a24d8207b4669b41bc18b32ea5cbf988b"

[[package]]
name = "serde"
version = "1.0.203"
source = "registry+https://github.com/rust-lang/crates.io-index"
checksum = "7253ab4de971e72fb7be983802300c30b5a7f0c2e56fab8abfc6a214307c0094"
dependencies = [
 "serde_derive",
]

[[package]]
name = "serde_derive"
version = "1.0.203"
source = "registry+https://github.com/rust-lang/crates.io-index"
checksum = "500cbc0ebeb6f46627f50f3f5811ccf6bf00643be300b4c3eabc0ef55dc5b5ba"
dependencies = [
 "proc-macro2",
 "quote",
 "syn",
]

[[package]]
name = "serde_json"
version = "1.0.118"
source = "registry+https://github.com/rust-lang/crates.io-index"
checksum = "d947f6b3163d8857ea16c4fa0dd4840d52f3041039a85decd46867eb1abef2e4"
dependencies = [
 "itoa",
 "ryu",
 "serde",
]

[[package]]
name = "sha1"
version = "0.11.0-pre.3"
source = "registry+https://github.com/rust-lang/crates.io-index"
checksum = "3885de8cb916f223718c1ccd47a840b91f806333e76002dc5cb3862154b4fed3"
dependencies = [
 "cfg-if",
 "cpufeatures",
 "digest 0.11.0-pre.8",
]

[[package]]
name = "sha2"
version = "0.11.0-pre.3"
source = "registry+https://github.com/rust-lang/crates.io-index"
checksum = "8f33549bf3064b62478926aa89cbfc7c109aab66ae8f0d5d2ef839e482cc30d6"
dependencies = [
 "cfg-if",
 "cpufeatures",
 "digest 0.11.0-pre.8",
]

[[package]]
name = "signature"
version = "2.3.0-pre.3"
source = "registry+https://github.com/rust-lang/crates.io-index"
checksum = "1700c22ba9ce32c7b0a1495068a906c3552e7db386af7cf865162e0dea498523"
dependencies = [
 "digest 0.11.0-pre.8",
 "rand_core",
 "signature_derive",
]

[[package]]
name = "signature_derive"
version = "2.1.0"
source = "registry+https://github.com/rust-lang/crates.io-index"
checksum = "ab0381d1913eeaf4c7bc4094016c9a8de6c1120663afe32a90ff268ad7f80486"
dependencies = [
 "proc-macro2",
 "quote",
 "syn",
]

[[package]]
name = "smallvec"
version = "1.13.2"
source = "registry+https://github.com/rust-lang/crates.io-index"
checksum = "3c5e1a9a646d36c3599cd173a41282daf47c44583ad367b8e6837255952e5c67"

[[package]]
name = "spin"
version = "0.9.8"
source = "registry+https://github.com/rust-lang/crates.io-index"
checksum = "6980e8d7511241f8acf4aebddbb1ff938df5eebe98691418c4468d0b72a96a67"

[[package]]
name = "spki"
version = "0.8.0-pre.0"
source = "git+https://github.com/RustCrypto/formats.git#2c16861f96b3af5710e7f73d6908d0b35a1b13ec"
dependencies = [
 "base64ct",
 "der",
]

[[package]]
name = "subtle"
version = "2.6.1"
source = "registry+https://github.com/rust-lang/crates.io-index"
checksum = "13c2bddecc57b384dee18652358fb23172facb8a2c51ccc10d74c157bdea3292"

[[package]]
name = "syn"
version = "2.0.68"
source = "registry+https://github.com/rust-lang/crates.io-index"
checksum = "901fa70d88b9d6c98022e23b4136f9f3e54e4662c3bc1bd1d84a42a9a0f0c1e9"
dependencies = [
 "proc-macro2",
 "quote",
 "unicode-ident",
]

[[package]]
name = "thiserror"
version = "1.0.61"
source = "registry+https://github.com/rust-lang/crates.io-index"
checksum = "c546c80d6be4bc6a00c0f01730c08df82eaa7a7a61f11d656526506112cc1709"
dependencies = [
 "thiserror-impl",
]

[[package]]
name = "thiserror-impl"
version = "1.0.61"
source = "registry+https://github.com/rust-lang/crates.io-index"
checksum = "46c3384250002a6d5af4d114f2845d37b57521033f30d5c3f46c4d70e1197533"
dependencies = [
 "proc-macro2",
 "quote",
 "syn",
]

[[package]]
name = "time"
version = "0.3.36"
source = "registry+https://github.com/rust-lang/crates.io-index"
checksum = "5dfd88e563464686c916c7e46e623e520ddc6d79fa6641390f2e3fa86e83e885"
dependencies = [
 "deranged",
 "num-conv",
 "powerfmt",
 "serde",
 "time-core",
 "time-macros",
]

[[package]]
name = "time-core"
version = "0.1.2"
source = "registry+https://github.com/rust-lang/crates.io-index"
checksum = "ef927ca75afb808a4d64dd374f00a2adf8d0fcff8e7b184af886c3c87ec4a3f3"

[[package]]
name = "time-macros"
version = "0.2.18"
source = "registry+https://github.com/rust-lang/crates.io-index"
checksum = "3f252a68540fde3a3877aeea552b832b40ab9a69e318efd078774a01ddee1ccf"
dependencies = [
 "num-conv",
 "time-core",
]

[[package]]
name = "tiny_http"
version = "0.12.0"
source = "registry+https://github.com/rust-lang/crates.io-index"
checksum = "389915df6413a2e74fb181895f933386023c71110878cd0825588928e64cdc82"
dependencies = [
 "ascii",
 "chunked_transfer",
 "httpdate",
 "log",
]

[[package]]
name = "tls_codec"
version = "0.4.1"
source = "registry+https://github.com/rust-lang/crates.io-index"
checksum = "b5e78c9c330f8c85b2bae7c8368f2739157db9991235123aa1b15ef9502bfb6a"
dependencies = [
 "tls_codec_derive",
 "zeroize",
]

[[package]]
name = "tls_codec_derive"
version = "0.4.1"
source = "registry+https://github.com/rust-lang/crates.io-index"
checksum = "8d9ef545650e79f30233c0003bcc2504d7efac6dad25fca40744de773fe2049c"
dependencies = [
 "proc-macro2",
 "quote",
 "syn",
]

[[package]]
name = "typenum"
version = "1.17.0"
source = "registry+https://github.com/rust-lang/crates.io-index"
checksum = "42ff0bf0c66b8238c6f3b578df37d0b7848e55df8577b3f74f92a69acceeb825"

[[package]]
name = "unicode-ident"
version = "1.0.12"
source = "registry+https://github.com/rust-lang/crates.io-index"
checksum = "3354b9ac3fae1ff6755cb6db53683adb661634f67557942dea4facebec0fee4b"

[[package]]
name = "uuid"
version = "1.9.1"
source = "registry+https://github.com/rust-lang/crates.io-index"
checksum = "5de17fd2f7da591098415cff336e12965a28061ddace43b59cb3c430179c9439"
dependencies = [
 "getrandom",
 "serde",
]

[[package]]
name = "vcpkg"
version = "0.2.15"
source = "registry+https://github.com/rust-lang/crates.io-index"
checksum = "accd4ea62f7bb7a82fe23066fb0957d48ef677f6eeb8215f372f52e48bb32426"

[[package]]
name = "version_check"
version = "0.9.4"
source = "registry+https://github.com/rust-lang/crates.io-index"
checksum = "49874b5167b65d7193b8aba1567f5c7d93d001cafc34600cee003eda787e483f"

[[package]]
name = "wasi"
version = "0.11.0+wasi-snapshot-preview1"
source = "registry+https://github.com/rust-lang/crates.io-index"
checksum = "9c8d87e72b64a3b4db28d11ce29237c246188f4f51057d65a7eab63b7987e423"

[[package]]
name = "x509-cert"
version = "0.3.0-pre"
source = "git+https://github.com/RustCrypto/formats.git#2c16861f96b3af5710e7f73d6908d0b35a1b13ec"
dependencies = [
 "async-signature",
 "const-oid",
 "der",
 "sha1",
 "signature",
 "spki",
 "tls_codec",
]

[[package]]
name = "yubihsm"
version = "0.43.0-pre"
dependencies = [
 "aes",
 "bitflags 2.6.0",
 "cbc",
 "ccm",
 "cmac",
 "digest 0.11.0-pre.8",
 "ecdsa",
 "ed25519",
 "ed25519-dalek",
 "hmac 0.13.0-pre.3",
 "k256",
 "log",
 "num-traits",
 "once_cell",
 "p256",
 "p384",
 "pbkdf2",
 "rand_core",
 "rsa",
 "rusb",
 "serde",
 "serde_json",
 "sha1",
 "sha2",
 "signature",
 "spki",
 "subtle",
 "thiserror",
 "time",
 "tiny_http",
 "uuid",
 "x509-cert",
 "yubikey",
 "zeroize",
]

[[package]]
name = "yubikey"
version = "0.8.0"
source = "git+https://github.com/baloo/yubikey.rs?branch=baloo/rustcrypto-pre-releases_yubihsm-auth#6d091e426a4a4e738e74ffaa742f8fddb611fc76"
dependencies = [
 "base16ct",
 "bitflags 2.6.0",
 "der",
 "des",
 "ecdsa",
 "elliptic-curve",
 "hmac 0.12.1",
 "log",
 "nom",
 "num-bigint-dig",
 "num-integer",
 "num-traits",
 "p256",
 "p384",
 "pbkdf2",
 "pcsc",
 "rand_core",
 "rsa",
 "secrecy",
 "sha1",
 "sha2",
 "signature",
 "subtle",
 "uuid",
 "x509-cert",
 "zeroize",
]

[[package]]
name = "zeroize"
version = "1.8.1"
source = "registry+https://github.com/rust-lang/crates.io-index"
checksum = "ced3678a2879b30306d323f4542626697a464a97c0a07c9aebf7ebca65cd4dde"
dependencies = [
 "zeroize_derive",
]

[[package]]
name = "zeroize_derive"
version = "1.4.2"
source = "registry+https://github.com/rust-lang/crates.io-index"
checksum = "ce36e65b0d2999d2aafac989fb249189a141aee1f53c612c1f37d72631959f69"
dependencies = [
 "proc-macro2",
 "quote",
 "syn",
]
